{
  "version": 4,
  "terraform_version": "1.11.4",
  "serial": 9,
  "lineage": "55a7e060-433c-4260-aa61-d73483394319",
  "outputs": {
    "backend_repo_url": {
      "value": "026912903702.dkr.ecr.ap-south-1.amazonaws.com/devops-backend",
      "type": "string"
    },
    "frontend_repo_url": {
      "value": "026912903702.dkr.ecr.ap-south-1.amazonaws.com/devops-frontend",
      "type": "string"
    }
  },
  "resources": [
    {
      "mode": "managed",
      "type": "aws_ecr_repository",
      "name": "backend",
      "provider": "provider[\"registry.terraform.io/hashicorp/aws\"]",
      "instances": [
        {
          "schema_version": 0,
          "attributes": {
            "arn": "arn:aws:ecr:ap-south-1:026912903702:repository/devops-backend",
            "encryption_configuration": [
              {
                "encryption_type": "AES256",
                "kms_key": ""
              }
            ],
            "force_delete": null,
            "id": "devops-backend",
            "image_scanning_configuration": [
              {
                "scan_on_push": true
              }
            ],
            "image_tag_mutability": "MUTABLE",
            "name": "devops-backend",
            "region": "ap-south-1",
            "registry_id": "026912903702",
            "repository_url": "026912903702.dkr.ecr.ap-south-1.amazonaws.com/devops-backend",
            "tags": {
              "Project": "DevOps-Assignment"
            },
            "tags_all": {
              "Project": "DevOps-Assignment"
            },
            "timeouts": null
          },
          "sensitive_attributes": [],
          "private": "eyJlMmJmYjczMC1lY2FhLTExZTYtOGY4OC0zNDM2M2JjN2M0YzAiOnsiZGVsZXRlIjoxMjAwMDAwMDAwMDAwfX0="
        }
      ]
    },
    {
      "mode": "managed",
      "type": "aws_ecr_repository",
      "name": "frontend",
      "provider": "provider[\"registry.terraform.io/hashicorp/aws\"]",
      "instances": [
        {
          "schema_version": 0,
          "attributes": {
            "arn": "arn:aws:ecr:ap-south-1:026912903702:repository/devops-frontend",
            "encryption_configuration": [
              {
                "encryption_type": "AES256",
                "kms_key": ""
              }
            ],
            "force_delete": null,
            "id": "devops-frontend",
            "image_scanning_configuration": [
              {
                "scan_on_push": true
              }
            ],
            "image_tag_mutability": "MUTABLE",
            "name": "devops-frontend",
            "region": "ap-south-1",
            "registry_id": "026912903702",
            "repository_url": "026912903702.dkr.ecr.ap-south-1.amazonaws.com/devops-frontend",
            "tags": {
              "Project": "DevOps-Assignment"
            },
            "tags_all": {
              "Project": "DevOps-Assignment"
            },
            "timeouts": null
          },
          "sensitive_attributes": [],
          "private": "eyJlMmJmYjczMC1lY2FhLTExZTYtOGY4OC0zNDM2M2JjN2M0YzAiOnsiZGVsZXRlIjoxMjAwMDAwMDAwMDAwfX0="
        }
      ]
    }
  ],
  "check_results": null
}
